// !$*UTF8*$!
{
	archiveVersion = 1;
	classes = {
	};
	objectVersion = 55;
	objects = {

/* Begin PBXBuildFile section */
		FF93AB6F27D34A1B0044FCFB /* AppDelegate.swift in Sources */ = {isa = PBXBuildFile; fileRef = FF93AB6E27D34A1B0044FCFB /* AppDelegate.swift */; };
		FF93AB7127D34A1B0044FCFB /* SceneDelegate.swift in Sources */ = {isa = PBXBuildFile; fileRef = FF93AB7027D34A1B0044FCFB /* SceneDelegate.swift */; };
		FF93AB7327D34A1B0044FCFB /* ViewController.swift in Sources */ = {isa = PBXBuildFile; fileRef = FF93AB7227D34A1B0044FCFB /* ViewController.swift */; };
		FF93AB7627D34A1B0044FCFB /* Main.storyboard in Resources */ = {isa = PBXBuildFile; fileRef = FF93AB7427D34A1B0044FCFB /* Main.storyboard */; };
		FF93AB7827D34A1C0044FCFB /* Assets.xcassets in Resources */ = {isa = PBXBuildFile; fileRef = FF93AB7727D34A1C0044FCFB /* Assets.xcassets */; };
		FF93AB7B27D34A1C0044FCFB /* LaunchScreen.storyboard in Resources */ = {isa = PBXBuildFile; fileRef = FF93AB7927D34A1C0044FCFB /* LaunchScreen.storyboard */; };
		FF93AB8527D34F2A0044FCFB /* PanControllerHeight in Frameworks */ = {isa = PBXBuildFile; productRef = FF93AB8427D34F2A0044FCFB /* PanControllerHeight */; };
		FF93AB8827D350CC0044FCFB /* SheetViewController.swift in Sources */ = {isa = PBXBuildFile; fileRef = FF93AB8727D350CC0044FCFB /* SheetViewController.swift */; };
/* End PBXBuildFile section */

/* Begin PBXFileReference section */
		FF93AB6B27D34A1B0044FCFB /* UMT-IOS.app */ = {isa = PBXFileReference; explicitFileType = wrapper.application; includeInIndex = 0; path = "UMT-IOS.app"; sourceTree = BUILT_PRODUCTS_DIR; };
		FF93AB6E27D34A1B0044FCFB /* AppDelegate.swift */ = {isa = PBXFileReference; lastKnownFileType = sourcecode.swift; path = AppDelegate.swift; sourceTree = "<group>"; };
		FF93AB7027D34A1B0044FCFB /* SceneDelegate.swift */ = {isa = PBXFileReference; lastKnownFileType = sourcecode.swift; path = SceneDelegate.swift; sourceTree = "<group>"; };
		FF93AB7227D34A1B0044FCFB /* ViewController.swift */ = {isa = PBXFileReference; lastKnownFileType = sourcecode.swift; path = ViewController.swift; sourceTree = "<group>"; };
		FF93AB7527D34A1B0044FCFB /* Base */ = {isa = PBXFileReference; lastKnownFileType = file.storyboard; name = Base; path = Base.lproj/Main.storyboard; sourceTree = "<group>"; };
		FF93AB7727D34A1C0044FCFB /* Assets.xcassets */ = {isa = PBXFileReference; lastKnownFileType = folder.assetcatalog; path = Assets.xcassets; sourceTree = "<group>"; };
		FF93AB7A27D34A1C0044FCFB /* Base */ = {isa = PBXFileReference; lastKnownFileType = file.storyboard; name = Base; path = Base.lproj/LaunchScreen.storyboard; sourceTree = "<group>"; };
		FF93AB7C27D34A1C0044FCFB /* Info.plist */ = {isa = PBXFileReference; lastKnownFileType = text.plist.xml; path = Info.plist; sourceTree = "<group>"; };
		FF93AB8727D350CC0044FCFB /* SheetViewController.swift */ = {isa = PBXFileReference; lastKnownFileType = sourcecode.swift; path = SheetViewController.swift; sourceTree = "<group>"; };
/* End PBXFileReference section */

/* Begin PBXFrameworksBuildPhase section */
		FF93AB6827D34A1B0044FCFB /* Frameworks */ = {
			isa = PBXFrameworksBuildPhase;
			buildActionMask = 2147483647;
			files = (
				FF93AB8527D34F2A0044FCFB /* PanControllerHeight in Frameworks */,
			);
			runOnlyForDeploymentPostprocessing = 0;
		};
/* End PBXFrameworksBuildPhase section */

/* Begin PBXGroup section */
		FF93AB6227D34A1B0044FCFB = {
			isa = PBXGroup;
			children = (
				FF93AB6D27D34A1B0044FCFB /* UMT-IOS */,
				FF93AB6C27D34A1B0044FCFB /* Products */,
			);
			sourceTree = "<group>";
		};
		FF93AB6C27D34A1B0044FCFB /* Products */ = {
			isa = PBXGroup;
			children = (
				FF93AB6B27D34A1B0044FCFB /* UMT-IOS.app */,
			);
			name = Products;
			sourceTree = "<group>";
		};
		FF93AB6D27D34A1B0044FCFB /* UMT-IOS */ = {
			isa = PBXGroup;
			children = (
				FF93AB8227D34A4E0044FCFB /* Main */,
				FF93AB6E27D34A1B0044FCFB /* AppDelegate.swift */,
				FF93AB7027D34A1B0044FCFB /* SceneDelegate.swift */,
				FF93AB7727D34A1C0044FCFB /* Assets.xcassets */,
				FF93AB7927D34A1C0044FCFB /* LaunchScreen.storyboard */,
				FF93AB7C27D34A1C0044FCFB /* Info.plist */,
			);
			path = "UMT-IOS";
			sourceTree = "<group>";
		};
		FF93AB8227D34A4E0044FCFB /* Main */ = {
			isa = PBXGroup;
			children = (
				FF93AB8627D350B50044FCFB /* Sheet */,
				FF93AB7427D34A1B0044FCFB /* Main.storyboard */,
				FF93AB7227D34A1B0044FCFB /* ViewController.swift */,
			);
			path = Main;
			sourceTree = "<group>";
		};
		FF93AB8627D350B50044FCFB /* Sheet */ = {
			isa = PBXGroup;
			children = (
				FF93AB8727D350CC0044FCFB /* SheetViewController.swift */,
			);
			path = Sheet;
			sourceTree = "<group>";
		};
/* End PBXGroup section */

/* Begin PBXNativeTarget section */
		FF93AB6A27D34A1B0044FCFB /* UMT-IOS */ = {
			isa = PBXNativeTarget;
			buildConfigurationList = FF93AB7F27D34A1C0044FCFB /* Build configuration list for PBXNativeTarget "UMT-IOS" */;
			buildPhases = (
				FF93AB6727D34A1B0044FCFB /* Sources */,
				FF93AB6827D34A1B0044FCFB /* Frameworks */,
				FF93AB6927D34A1B0044FCFB /* Resources */,
			);
			buildRules = (
			);
			dependencies = (
			);
			name = "UMT-IOS";
			packageProductDependencies = (
				FF93AB8427D34F2A0044FCFB /* PanControllerHeight */,
			);
			productName = "UMT-IOS";
			productReference = FF93AB6B27D34A1B0044FCFB /* UMT-IOS.app */;
			productType = "com.apple.product-type.application";
		};
/* End PBXNativeTarget section */

/* Begin PBXProject section */
		FF93AB6327D34A1B0044FCFB /* Project object */ = {
			isa = PBXProject;
			attributes = {
				BuildIndependentTargetsInParallel = 1;
				LastSwiftUpdateCheck = 1320;
				LastUpgradeCheck = 1320;
				TargetAttributes = {
					FF93AB6A27D34A1B0044FCFB = {
						CreatedOnToolsVersion = 13.2.1;
					};
				};
			};
			buildConfigurationList = FF93AB6627D34A1B0044FCFB /* Build configuration list for PBXProject "UMT-IOS" */;
			compatibilityVersion = "Xcode 13.0";
			developmentRegion = en;
			hasScannedForEncodings = 0;
			knownRegions = (
				en,
				Base,
			);
			mainGroup = FF93AB6227D34A1B0044FCFB;
			packageReferences = (
				FF93AB8327D34F2A0044FCFB /* XCRemoteSwiftPackageReference "PanControllerHeight" */,
			);
			productRefGroup = FF93AB6C27D34A1B0044FCFB /* Products */;
			projectDirPath = "";
			projectRoot = "";
			targets = (
				FF93AB6A27D34A1B0044FCFB /* UMT-IOS */,
			);
		};
/* End PBXProject section */

/* Begin PBXResourcesBuildPhase section */
		FF93AB6927D34A1B0044FCFB /* Resources */ = {
			isa = PBXResourcesBuildPhase;
			buildActionMask = 2147483647;
			files = (
				FF93AB7B27D34A1C0044FCFB /* LaunchScreen.storyboard in Resources */,
				FF93AB7827D34A1C0044FCFB /* Assets.xcassets in Resources */,
				FF93AB7627D34A1B0044FCFB /* Main.storyboard in Resources */,
			);
			runOnlyForDeploymentPostprocessing = 0;
		};
/* End PBXResourcesBuildPhase section */

/* Begin PBXSourcesBuildPhase section */
		FF93AB6727D34A1B0044FCFB /* Sources */ = {
			isa = PBXSourcesBuildPhase;
			buildActionMask = 2147483647;
			files = (
				FF93AB7327D34A1B0044FCFB /* ViewController.swift in Sources */,
				FF93AB6F27D34A1B0044FCFB /* AppDelegate.swift in Sources */,
				FF93AB8827D350CC0044FCFB /* SheetViewController.swift in Sources */,
				FF93AB7127D34A1B0044FCFB /* SceneDelegate.swift in Sources */,
			);
			runOnlyForDeploymentPostprocessing = 0;
		};
/* End PBXSourcesBuildPhase section */

/* Begin PBXVariantGroup section */
		FF93AB7427D34A1B0044FCFB /* Main.storyboard */ = {
			isa = PBXVariantGroup;
			children = (
				FF93AB7527D34A1B0044FCFB /* Base */,
			);
			name = Main.storyboard;
			sourceTree = "<group>";
		};
		FF93AB7927D34A1C0044FCFB /* LaunchScreen.storyboard */ = {
			isa = PBXVariantGroup;
			children = (
				FF93AB7A27D34A1C0044FCFB /* Base */,
			);
			name = LaunchScreen.storyboard;
			sourceTree = "<group>";
		};
/* End PBXVariantGroup section */

/* Begin XCBuildConfiguration section */
		FF93AB7D27D34A1C0044FCFB /* Debug */ = {
			isa = XCBuildConfiguration;
			buildSettings = {
				ALWAYS_SEARCH_USER_PATHS = NO;
				CLANG_ANALYZER_NONNULL = YES;
				CLANG_ANALYZER_NUMBER_OBJECT_CONVERSION = YES_AGGRESSIVE;
				CLANG_CXX_LANGUAGE_STANDARD = "gnu++17";
				CLANG_CXX_LIBRARY = "libc++";
				CLANG_ENABLE_MODULES = YES;
				CLANG_ENABLE_OBJC_ARC = YES;
				CLANG_ENABLE_OBJC_WEAK = YES;
				CLANG_WARN_BLOCK_CAPTURE_AUTORELEASING = YES;
				CLANG_WARN_BOOL_CONVERSION = YES;
				CLANG_WARN_COMMA = YES;
				CLANG_WARN_CONSTANT_CONVERSION = YES;
				CLANG_WARN_DEPRECATED_OBJC_IMPLEMENTATIONS = YES;
				CLANG_WARN_DIRECT_OBJC_ISA_USAGE = YES_ERROR;
				CLANG_WARN_DOCUMENTATION_COMMENTS = YES;
				CLANG_WARN_EMPTY_BODY = YES;
				CLANG_WARN_ENUM_CONVERSION = YES;
				CLANG_WARN_INFINITE_RECURSION = YES;
				CLANG_WARN_INT_CONVERSION = YES;
				CLANG_WARN_NON_LITERAL_NULL_CONVERSION = YES;
				CLANG_WARN_OBJC_IMPLICIT_RETAIN_SELF = YES;
				CLANG_WARN_OBJC_LITERAL_CONVERSION = YES;
				CLANG_WARN_OBJC_ROOT_CLASS = YES_ERROR;
				CLANG_WARN_QUOTED_INCLUDE_IN_FRAMEWORK_HEADER = YES;
				CLANG_WARN_RANGE_LOOP_ANALYSIS = YES;
				CLANG_WARN_STRICT_PROTOTYPES = YES;
				CLANG_WARN_SUSPICIOUS_MOVE = YES;
				CLANG_WARN_UNGUARDED_AVAILABILITY = YES_AGGRESSIVE;
				CLANG_WARN_UNREACHABLE_CODE = YES;
				CLANG_WARN__DUPLICATE_METHOD_MATCH = YES;
				COPY_PHASE_STRIP = NO;
				DEBUG_INFORMATION_FORMAT = dwarf;
				ENABLE_STRICT_OBJC_MSGSEND = YES;
				ENABLE_TESTABILITY = YES;
				GCC_C_LANGUAGE_STANDARD = gnu11;
				GCC_DYNAMIC_NO_PIC = NO;
				GCC_NO_COMMON_BLOCKS = YES;
				GCC_OPTIMIZATION_LEVEL = 0;
				GCC_PREPROCESSOR_DEFINITIONS = (
					"DEBUG=1",
					"$(inherited)",
				);
				GCC_WARN_64_TO_32_BIT_CONVERSION = YES;
				GCC_WARN_ABOUT_RETURN_TYPE = YES_ERROR;
				GCC_WARN_UNDECLARED_SELECTOR = YES;
				GCC_WARN_UNINITIALIZED_AUTOS = YES_AGGRESSIVE;
				GCC_WARN_UNUSED_FUNCTION = YES;
				GCC_WARN_UNUSED_VARIABLE = YES;
				IPHONEOS_DEPLOYMENT_TARGET = 15.2;
				MTL_ENABLE_DEBUG_INFO = INCLUDE_SOURCE;
				MTL_FAST_MATH = YES;
				ONLY_ACTIVE_ARCH = YES;
				SDKROOT = iphoneos;
				SWIFT_ACTIVE_COMPILATION_CONDITIONS = DEBUG;
				SWIFT_OPTIMIZATION_LEVEL = "-Onone";
			};
			name = Debug;
		};
		FF93AB7E27D34A1C0044FCFB /* Release */ = {
			isa = XCBuildConfiguration;
			buildSettings = {
				ALWAYS_SEARCH_USER_PATHS = NO;
				CLANG_ANALYZER_NONNULL = YES;
				CLANG_ANALYZER_NUMBER_OBJECT_CONVERSION = YES_AGGRESSIVE;
				CLANG_CXX_LANGUAGE_STANDARD = "gnu++17";
				CLANG_CXX_LIBRARY = "libc++";
				CLANG_ENABLE_MODULES = YES;
				CLANG_ENABLE_OBJC_ARC = YES;
				CLANG_ENABLE_OBJC_WEAK = YES;
				CLANG_WARN_BLOCK_CAPTURE_AUTORELEASING = YES;
				CLANG_WARN_BOOL_CONVERSION = YES;
				CLANG_WARN_COMMA = YES;
				CLANG_WARN_CONSTANT_CONVERSION = YES;
				CLANG_WARN_DEPRECATED_OBJC_IMPLEMENTATIONS = YES;
				CLANG_WARN_DIRECT_OBJC_ISA_USAGE = YES_ERROR;
				CLANG_WARN_DOCUMENTATION_COMMENTS = YES;
				CLANG_WARN_EMPTY_BODY = YES;
				CLANG_WARN_ENUM_CONVERSION = YES;
				CLANG_WARN_INFINITE_RECURSION = YES;
				CLANG_WARN_INT_CONVERSION = YES;
				CLANG_WARN_NON_LITERAL_NULL_CONVERSION = YES;
				CLANG_WARN_OBJC_IMPLICIT_RETAIN_SELF = YES;
				CLANG_WARN_OBJC_LITERAL_CONVERSION = YES;
				CLANG_WARN_OBJC_ROOT_CLASS = YES_ERROR;
				CLANG_WARN_QUOTED_INCLUDE_IN_FRAMEWORK_HEADER = YES;
				CLANG_WARN_RANGE_LOOP_ANALYSIS = YES;
				CLANG_WARN_STRICT_PROTOTYPES = YES;
				CLANG_WARN_SUSPICIOUS_MOVE = YES;
				CLANG_WARN_UNGUARDED_AVAILABILITY = YES_AGGRESSIVE;
				CLANG_WARN_UNREACHABLE_CODE = YES;
				CLANG_WARN__DUPLICATE_METHOD_MATCH = YES;
				COPY_PHASE_STRIP = NO;
				DEBUG_INFORMATION_FORMAT = "dwarf-with-dsym";
				ENABLE_NS_ASSERTIONS = NO;
				ENABLE_STRICT_OBJC_MSGSEND = YES;
				GCC_C_LANGUAGE_STANDARD = gnu11;
				GCC_NO_COMMON_BLOCKS = YES;
				GCC_WARN_64_TO_32_BIT_CONVERSION = YES;
				GCC_WARN_ABOUT_RETURN_TYPE = YES_ERROR;
				GCC_WARN_UNDECLARED_SELECTOR = YES;
				GCC_WARN_UNINITIALIZED_AUTOS = YES_AGGRESSIVE;
				GCC_WARN_UNUSED_FUNCTION = YES;
				GCC_WARN_UNUSED_VARIABLE = YES;
				IPHONEOS_DEPLOYMENT_TARGET = 15.2;
				MTL_ENABLE_DEBUG_INFO = NO;
				MTL_FAST_MATH = YES;
				SDKROOT = iphoneos;
				SWIFT_COMPILATION_MODE = wholemodule;
				SWIFT_OPTIMIZATION_LEVEL = "-O";
				VALIDATE_PRODUCT = YES;
			};
			name = Release;
		};
		FF93AB8027D34A1C0044FCFB /* Debug */ = {
			isa = XCBuildConfiguration;
			buildSettings = {
				ASSETCATALOG_COMPILER_APPICON_NAME = AppIcon;
				ASSETCATALOG_COMPILER_GLOBAL_ACCENT_COLOR_NAME = AccentColor;
				CODE_SIGN_STYLE = Automatic;
				CURRENT_PROJECT_VERSION = 1;
				DEVELOPMENT_TEAM = 3L398A7UTZ;
				GENERATE_INFOPLIST_FILE = YES;
				INFOPLIST_FILE = "UMT-IOS/Info.plist";
				INFOPLIST_KEY_UIApplicationSupportsIndirectInputEvents = YES;
				INFOPLIST_KEY_UILaunchStoryboardName = LaunchScreen;
				INFOPLIST_KEY_UIMainStoryboardFile = Main;
				INFOPLIST_KEY_UISupportedInterfaceOrientations_iPad = "UIInterfaceOrientationPortrait UIInterfaceOrientationPortraitUpsideDown UIInterfaceOrientationLandscapeLeft UIInterfaceOrientationLandscapeRight";
				INFOPLIST_KEY_UISupportedInterfaceOrientations_iPhone = "UIInterfaceOrientationPortrait UIInterfaceOrientationLandscapeLeft UIInterfaceOrientationLandscapeRight";
				LD_RUNPATH_SEARCH_PATHS = (
					"$(inherited)",
					"@executable_path/Frameworks",
				);
				MARKETING_VERSION = 1.0;
				PRODUCT_BUNDLE_IDENTIFIER = "com.boostcamp.S046.UMT-IOS";
				PRODUCT_NAME = "$(TARGET_NAME)";
				SWIFT_EMIT_LOC_STRINGS = YES;
				SWIFT_VERSION = 5.0;
				TARGETED_DEVICE_FAMILY = "1,2";
			};
			name = Debug;
		};
		FF93AB8127D34A1C0044FCFB /* Release */ = {
			isa = XCBuildConfiguration;
			buildSettings = {
				ASSETCATALOG_COMPILER_APPICON_NAME = AppIcon;
				ASSETCATALOG_COMPILER_GLOBAL_ACCENT_COLOR_NAME = AccentColor;
				CODE_SIGN_STYLE = Automatic;
				CURRENT_PROJECT_VERSION = 1;
				DEVELOPMENT_TEAM = 3L398A7UTZ;
				GENERATE_INFOPLIST_FILE = YES;
				INFOPLIST_FILE = "UMT-IOS/Info.plist";
				INFOPLIST_KEY_UIApplicationSupportsIndirectInputEvents = YES;
				INFOPLIST_KEY_UILaunchStoryboardName = LaunchScreen;
				INFOPLIST_KEY_UIMainStoryboardFile = Main;
				INFOPLIST_KEY_UISupportedInterfaceOrientations_iPad = "UIInterfaceOrientationPortrait UIInterfaceOrientationPortraitUpsideDown UIInterfaceOrientationLandscapeLeft UIInterfaceOrientationLandscapeRight";
				INFOPLIST_KEY_UISupportedInterfaceOrientations_iPhone = "UIInterfaceOrientationPortrait UIInterfaceOrientationLandscapeLeft UIInterfaceOrientationLandscapeRight";
				LD_RUNPATH_SEARCH_PATHS = (
					"$(inherited)",
					"@executable_path/Frameworks",
				);
				MARKETING_VERSION = 1.0;
				PRODUCT_BUNDLE_IDENTIFIER = "com.boostcamp.S046.UMT-IOS";
				PRODUCT_NAME = "$(TARGET_NAME)";
				SWIFT_EMIT_LOC_STRINGS = YES;
				SWIFT_VERSION = 5.0;
				TARGETED_DEVICE_FAMILY = "1,2";
			};
			name = Release;
		};
/* End XCBuildConfiguration section */

/* Begin XCConfigurationList section */
		FF93AB6627D34A1B0044FCFB /* Build configuration list for PBXProject "UMT-IOS" */ = {
			isa = XCConfigurationList;
			buildConfigurations = (
				FF93AB7D27D34A1C0044FCFB /* Debug */,
				FF93AB7E27D34A1C0044FCFB /* Release */,
			);
			defaultConfigurationIsVisible = 0;
			defaultConfigurationName = Release;
		};
		FF93AB7F27D34A1C0044FCFB /* Build configuration list for PBXNativeTarget "UMT-IOS" */ = {
			isa = XCConfigurationList;
			buildConfigurations = (
				FF93AB8027D34A1C0044FCFB /* Debug */,
				FF93AB8127D34A1C0044FCFB /* Release */,
			);
			defaultConfigurationIsVisible = 0;
			defaultConfigurationName = Release;
		};
/* End XCConfigurationList section */

/* Begin XCRemoteSwiftPackageReference section */
		FF93AB8327D34F2A0044FCFB /* XCRemoteSwiftPackageReference "PanControllerHeight" */ = {
			isa = XCRemoteSwiftPackageReference;
			repositoryURL = "https://github.com/thunderlatent/PanControllerHeight";
			requirement = {
				kind = upToNextMajorVersion;
				minimumVersion = 1.0.0;
			};
		};
/* End XCRemoteSwiftPackageReference section */

/* Begin XCSwiftPackageProductDependency section */
		FF93AB8427D34F2A0044FCFB /* PanControllerHeight */ = {
			isa = XCSwiftPackageProductDependency;
			package = FF93AB8327D34F2A0044FCFB /* XCRemoteSwiftPackageReference "PanControllerHeight" */;
			productName = PanControllerHeight;
		};
/* End XCSwiftPackageProductDependency section */
	};
	rootObject = FF93AB6327D34A1B0044FCFB /* Project object */;
}
