{
  "object": {
    "pins": [
      {
        "package": "PanControllerHeight",
        "repositoryURL": "https://github.com/thunderlatent/PanControllerHeight",
        "state": {
          "branch": null,
          "revision": "1a10bfcc356c5d9978ed6e1546fd2c64551d42dc",
          "version": "1.0.3"
        }
      },
      {
        "package": "SnapKit",
        "repositoryURL": "https://github.com/SnapKit/SnapKit.git",
        "state": {
          "branch": "develop",
          "revision": "466db39ee4ef32b0f7c8cd9f009aaf42f80beace",
          "version": null
        }
      }
    ]
  },
  "version": 1
}
